
Microsoft Visual Studio Solution File, Format Version 12.00
# Visual Studio Version 16
VisualStudioVersion = 16.0.30804.86
MinimumVisualStudioVersion = 10.0.40219.1
Project("{FAE04EC0-301F-11D3-BF4B-00C04F79EFBC}") = "RobotsVsDinosaurs", "RobotsVsDinosaurs\RobotsVsDinosaurs.csproj", "{18690299-31E5-41B8-B7B9-882B45E65142}"
EndProject
Global
	GlobalSection(SolutionConfigurationPlatforms) = preSolution
		Debug|Any CPU = Debug|Any CPU
		Release|Any CPU = Release|Any CPU
	EndGlobalSection
	GlobalSection(ProjectConfigurationPlatforms) = postSolution
		{18690299-31E5-41B8-B7B9-882B45E65142}.Debug|Any CPU.ActiveCfg = Debug|Any CPU
		{18690299-31E5-41B8-B7B9-882B45E65142}.Debug|Any CPU.Build.0 = Debug|Any CPU
		{18690299-31E5-41B8-B7B9-882B45E65142}.Release|Any CPU.ActiveCfg = Release|Any CPU
		{18690299-31E5-41B8-B7B9-882B45E65142}.Release|Any CPU.Build.0 = Release|Any CPU
	EndGlobalSection
	GlobalSection(SolutionProperties) = preSolution
		HideSolutionNode = FALSE
	EndGlobalSection
	GlobalSection(ExtensibilityGlobals) = postSolution
		SolutionGuid = {8946577D-C760-483A-8861-F8400459A8B8}
	EndGlobalSection
EndGlobal
